
Microsoft Visual Studio Solution File, Format Version 12.00
# Visual Studio Version 16
VisualStudioVersion = 16.0.28917.181
MinimumVisualStudioVersion = 10.0.40219.1
Project("{FAE04EC0-301F-11D3-BF4B-00C04F79EFBC}") = "ATM", "ATM\ATM.csproj", "{985ABE6E-3E37-4C70-AF82-1ABC8237E9F6}"
EndProject
Global
	GlobalSection(SolutionConfigurationPlatforms) = preSolution
		Debug|Any CPU = Debug|Any CPU
		Release|Any CPU = Release|Any CPU
	EndGlobalSection
	GlobalSection(ProjectConfigurationPlatforms) = postSolution
		{985ABE6E-3E37-4C70-AF82-1ABC8237E9F6}.Debug|Any CPU.ActiveCfg = Debug|Any CPU
		{985ABE6E-3E37-4C70-AF82-1ABC8237E9F6}.Debug|Any CPU.Build.0 = Debug|Any CPU
		{985ABE6E-3E37-4C70-AF82-1ABC8237E9F6}.Release|Any CPU.ActiveCfg = Release|Any CPU
		{985ABE6E-3E37-4C70-AF82-1ABC8237E9F6}.Release|Any CPU.Build.0 = Release|Any CPU
	EndGlobalSection
	GlobalSection(SolutionProperties) = preSolution
		HideSolutionNode = FALSE
	EndGlobalSection
	GlobalSection(ExtensibilityGlobals) = postSolution
		SolutionGuid = {2C1E34C5-A3CD-4AB2-BE02-A261BD70F739}
	EndGlobalSection
EndGlobal
